
Microsoft Visual Studio Solution File, Format Version 12.00
# Visual Studio Version 16
VisualStudioVersion = 16.0.30225.117
MinimumVisualStudioVersion = 10.0.40219.1
Project("{FAE04EC0-301F-11D3-BF4B-00C04F79EFBC}") = "Basic", "Basic.csproj", "{31AACCEC-DFF3-4A76-B95B-366EFB133FC8}"
EndProject
Global
	GlobalSection(SolutionConfigurationPlatforms) = preSolution
		Debug|Any CPU = Debug|Any CPU
		Release|Any CPU = Release|Any CPU
	EndGlobalSection
	GlobalSection(ProjectConfigurationPlatforms) = postSolution
		{31AACCEC-DFF3-4A76-B95B-366EFB133FC8}.Debug|Any CPU.ActiveCfg = Debug|Any CPU
		{31AACCEC-DFF3-4A76-B95B-366EFB133FC8}.Debug|Any CPU.Build.0 = Debug|Any CPU
		{31AACCEC-DFF3-4A76-B95B-366EFB133FC8}.Release|Any CPU.ActiveCfg = Release|Any CPU
		{31AACCEC-DFF3-4A76-B95B-366EFB133FC8}.Release|Any CPU.Build.0 = Release|Any CPU
	EndGlobalSection
	GlobalSection(SolutionProperties) = preSolution
		HideSolutionNode = FALSE
	EndGlobalSection
	GlobalSection(ExtensibilityGlobals) = postSolution
		SolutionGuid = {0E8AF877-3EEE-4669-8A33-E330EC9E08FB}
	EndGlobalSection
EndGlobal
